// !$*UTF8*$!
{
	archiveVersion = 1;
	classes = {
	};
	objectVersion = 45;
	objects = {

/* Begin PBXBuildFile section */
		1D3623260D0F684500981E51 /* AppDelegate.m in Sources */ = {isa = PBXBuildFile; fileRef = 1D3623250D0F684500981E51 /* AppDelegate.m */; };
		1D60589B0D05DD56006BFB54 /* main.m in Sources */ = {isa = PBXBuildFile; fileRef = 29B97316FDCFA39411CA2CEA /* main.m */; };
		1D60589F0D05DD5A006BFB54 /* Foundation.framework in Frameworks */ = {isa = PBXBuildFile; fileRef = 1D30AB110D05D00D00671497 /* Foundation.framework */; };
		1DF5F4E00D08C38300B7A737 /* UIKit.framework in Frameworks */ = {isa = PBXBuildFile; fileRef = 1DF5F4DF0D08C38300B7A737 /* UIKit.framework */; };
		288765FD0DF74451002DB57D /* CoreGraphics.framework in Frameworks */ = {isa = PBXBuildFile; fileRef = 288765FC0DF74451002DB57D /* CoreGraphics.framework */; };
		D8003B1F115B0F50004CFAB6 /* About_Screen.html in Resources */ = {isa = PBXBuildFile; fileRef = D8003B1E115B0F50004CFAB6 /* About_Screen.html */; };
		D8003B7A115B1722004CFAB6 /* AboutViewController.m in Sources */ = {isa = PBXBuildFile; fileRef = D8003B79115B1722004CFAB6 /* AboutViewController.m */; };
		D886267B1145F962009A50F9 /* KPFT_Logo.png in Resources */ = {isa = PBXBuildFile; fileRef = D886267A1145F962009A50F9 /* KPFT_Logo.png */; };
		D886270411460383009A50F9 /* LauncherViewController.m in Sources */ = {isa = PBXBuildFile; fileRef = D886270311460383009A50F9 /* LauncherViewController.m */; };
		D8862737114606B8009A50F9 /* rss.png in Resources */ = {isa = PBXBuildFile; fileRef = D8862736114606B8009A50F9 /* rss.png */; };
		D8862739114606BF009A50F9 /* calendar.png in Resources */ = {isa = PBXBuildFile; fileRef = D8862738114606BF009A50F9 /* calendar.png */; };
		D886275111478A4E009A50F9 /* FastFeedCell.m in Sources */ = {isa = PBXBuildFile; fileRef = D886274811478A4E009A50F9 /* FastFeedCell.m */; };
		D886275211478A4E009A50F9 /* FastTableViewCell.m in Sources */ = {isa = PBXBuildFile; fileRef = D886274A11478A4E009A50F9 /* FastTableViewCell.m */; };
		D886275311478A4E009A50F9 /* FeedsDetailViewController.m in Sources */ = {isa = PBXBuildFile; fileRef = D886274C11478A4E009A50F9 /* FeedsDetailViewController.m */; };
		D886275411478A4E009A50F9 /* FeedsViewController.m in Sources */ = {isa = PBXBuildFile; fileRef = D886274E11478A4E009A50F9 /* FeedsViewController.m */; };
		D886275511478A4E009A50F9 /* RssParser.m in Sources */ = {isa = PBXBuildFile; fileRef = D886275011478A4E009A50F9 /* RssParser.m */; };
		D886284B1149F4FD009A50F9 /* feeds.plist in Resources */ = {isa = PBXBuildFile; fileRef = D886284A1149F4FD009A50F9 /* feeds.plist */; };
		D8862E641159CFE3009A50F9 /* 30x-Music.png in Resources */ = {isa = PBXBuildFile; fileRef = D8862E631159CFE3009A50F9 /* 30x-Music.png */; };
		D8862E741159D0C4009A50F9 /* 30x-Calendar-Week.png in Resources */ = {isa = PBXBuildFile; fileRef = D8862E731159D0C4009A50F9 /* 30x-Calendar-Week.png */; };
		D8862E7F1159D960009A50F9 /* calendar2.png in Resources */ = {isa = PBXBuildFile; fileRef = D8862E7E1159D960009A50F9 /* calendar2.png */; };
		EB383B6110BBF6200000B2D2 /* libThree20.a in Frameworks */ = {isa = PBXBuildFile; fileRef = EB383B5F10BBF6180000B2D2 /* libThree20.a */; };
		EB383B6510BBF62B0000B2D2 /* QuartzCore.framework in Frameworks */ = {isa = PBXBuildFile; fileRef = EB383B6410BBF62B0000B2D2 /* QuartzCore.framework */; };
		EB383B6D10BBF6360000B2D2 /* Three20.bundle in Resources */ = {isa = PBXBuildFile; fileRef = EB383B6C10BBF6360000B2D2 /* Three20.bundle */; };
/* End PBXBuildFile section */

/* Begin PBXContainerItemProxy section */
		D88626521145F85C009A50F9 /* PBXContainerItemProxy */ = {
			isa = PBXContainerItemProxy;
			containerPortal = EB383B5710BBF6180000B2D2 /* Three20.xcodeproj */;
			proxyType = 2;
			remoteGlobalIDString = EB9E6C6210B6A8F800DE563C;
			remoteInfo = UnitTests;
		};
		EB383B5E10BBF6180000B2D2 /* PBXContainerItemProxy */ = {
			isa = PBXContainerItemProxy;
			containerPortal = EB383B5710BBF6180000B2D2 /* Three20.xcodeproj */;
			proxyType = 2;
			remoteGlobalIDString = BEF31F3A0F352DF5000DE5D2;
			remoteInfo = Three20;
		};
		EB383B6210BBF6280000B2D2 /* PBXContainerItemProxy */ = {
			isa = PBXContainerItemProxy;
			containerPortal = EB383B5710BBF6180000B2D2 /* Three20.xcodeproj */;
			proxyType = 1;
			remoteGlobalIDString = BEF31F390F352DF5000DE5D2;
			remoteInfo = Three20;
		};
/* End PBXContainerItemProxy section */

/* Begin PBXFileReference section */
		1D30AB110D05D00D00671497 /* Foundation.framework */ = {isa = PBXFileReference; lastKnownFileType = wrapper.framework; name = Foundation.framework; path = System/Library/Frameworks/Foundation.framework; sourceTree = SDKROOT; };
		1D3623240D0F684500981E51 /* AppDelegate.h */ = {isa = PBXFileReference; fileEncoding = 4; lastKnownFileType = sourcecode.c.h; path = AppDelegate.h; sourceTree = "<group>"; };
		1D3623250D0F684500981E51 /* AppDelegate.m */ = {isa = PBXFileReference; fileEncoding = 4; lastKnownFileType = sourcecode.c.objc; path = AppDelegate.m; sourceTree = "<group>"; };
		1D6058910D05DD3D006BFB54 /* KPFT_App.app */ = {isa = PBXFileReference; explicitFileType = wrapper.application; includeInIndex = 0; path = KPFT_App.app; sourceTree = BUILT_PRODUCTS_DIR; };
		1DF5F4DF0D08C38300B7A737 /* UIKit.framework */ = {isa = PBXFileReference; lastKnownFileType = wrapper.framework; name = UIKit.framework; path = System/Library/Frameworks/UIKit.framework; sourceTree = SDKROOT; };
		288765FC0DF74451002DB57D /* CoreGraphics.framework */ = {isa = PBXFileReference; lastKnownFileType = wrapper.framework; name = CoreGraphics.framework; path = System/Library/Frameworks/CoreGraphics.framework; sourceTree = SDKROOT; };
		29B97316FDCFA39411CA2CEA /* main.m */ = {isa = PBXFileReference; fileEncoding = 4; lastKnownFileType = sourcecode.c.objc; path = main.m; sourceTree = "<group>"; };
		32CA4F630368D1EE00C91783 /* KPFT_App_Prefix.pch */ = {isa = PBXFileReference; fileEncoding = 4; lastKnownFileType = sourcecode.c.h; path = KPFT_App_Prefix.pch; sourceTree = "<group>"; };
		8D1107310486CEB800E47090 /* KPFT_App-Info.plist */ = {isa = PBXFileReference; fileEncoding = 4; lastKnownFileType = text.plist.xml; path = "KPFT_App-Info.plist"; plistStructureDefinitionIdentifier = "com.apple.xcode.plist.structure-definition.iphone.info-plist"; sourceTree = "<group>"; };
		D8003B1E115B0F50004CFAB6 /* About_Screen.html */ = {isa = PBXFileReference; fileEncoding = 4; lastKnownFileType = text.html; path = About_Screen.html; sourceTree = "<group>"; };
		D8003B78115B1722004CFAB6 /* AboutViewController.h */ = {isa = PBXFileReference; fileEncoding = 4; lastKnownFileType = sourcecode.c.h; path = AboutViewController.h; sourceTree = "<group>"; };
		D8003B79115B1722004CFAB6 /* AboutViewController.m */ = {isa = PBXFileReference; fileEncoding = 4; lastKnownFileType = sourcecode.c.objc; path = AboutViewController.m; sourceTree = "<group>"; };
		D886267A1145F962009A50F9 /* KPFT_Logo.png */ = {isa = PBXFileReference; lastKnownFileType = image.png; path = KPFT_Logo.png; sourceTree = "<group>"; };
		D886270211460383009A50F9 /* LauncherViewController.h */ = {isa = PBXFileReference; fileEncoding = 4; lastKnownFileType = sourcecode.c.h; path = LauncherViewController.h; sourceTree = "<group>"; };
		D886270311460383009A50F9 /* LauncherViewController.m */ = {isa = PBXFileReference; fileEncoding = 4; lastKnownFileType = sourcecode.c.objc; path = LauncherViewController.m; sourceTree = "<group>"; };
		D8862736114606B8009A50F9 /* rss.png */ = {isa = PBXFileReference; lastKnownFileType = image.png; path = rss.png; sourceTree = "<group>"; };
		D8862738114606BF009A50F9 /* calendar.png */ = {isa = PBXFileReference; lastKnownFileType = image.png; path = calendar.png; sourceTree = "<group>"; };
		D886274711478A4E009A50F9 /* FastFeedCell.h */ = {isa = PBXFileReference; fileEncoding = 4; lastKnownFileType = sourcecode.c.h; path = FastFeedCell.h; sourceTree = "<group>"; };
		D886274811478A4E009A50F9 /* FastFeedCell.m */ = {isa = PBXFileReference; fileEncoding = 4; lastKnownFileType = sourcecode.c.objc; path = FastFeedCell.m; sourceTree = "<group>"; };
		D886274911478A4E009A50F9 /* FastTableViewCell.h */ = {isa = PBXFileReference; fileEncoding = 4; lastKnownFileType = sourcecode.c.h; path = FastTableViewCell.h; sourceTree = "<group>"; };
		D886274A11478A4E009A50F9 /* FastTableViewCell.m */ = {isa = PBXFileReference; fileEncoding = 4; lastKnownFileType = sourcecode.c.objc; path = FastTableViewCell.m; sourceTree = "<group>"; };
		D886274B11478A4E009A50F9 /* FeedsDetailViewController.h */ = {isa = PBXFileReference; fileEncoding = 4; lastKnownFileType = sourcecode.c.h; path = FeedsDetailViewController.h; sourceTree = "<group>"; };
		D886274C11478A4E009A50F9 /* FeedsDetailViewController.m */ = {isa = PBXFileReference; fileEncoding = 4; lastKnownFileType = sourcecode.c.objc; path = FeedsDetailViewController.m; sourceTree = "<group>"; };
		D886274D11478A4E009A50F9 /* FeedsViewController.h */ = {isa = PBXFileReference; fileEncoding = 4; lastKnownFileType = sourcecode.c.h; path = FeedsViewController.h; sourceTree = "<group>"; };
		D886274E11478A4E009A50F9 /* FeedsViewController.m */ = {isa = PBXFileReference; fileEncoding = 4; lastKnownFileType = sourcecode.c.objc; path = FeedsViewController.m; sourceTree = "<group>"; };
		D886274F11478A4E009A50F9 /* RssParser.h */ = {isa = PBXFileReference; fileEncoding = 4; lastKnownFileType = sourcecode.c.h; path = RssParser.h; sourceTree = "<group>"; };
		D886275011478A4E009A50F9 /* RssParser.m */ = {isa = PBXFileReference; fileEncoding = 4; lastKnownFileType = sourcecode.c.objc; path = RssParser.m; sourceTree = "<group>"; };
		D886284A1149F4FD009A50F9 /* feeds.plist */ = {isa = PBXFileReference; fileEncoding = 4; lastKnownFileType = text.plist.xml; path = feeds.plist; sourceTree = "<group>"; };
		D88628801149F7F1009A50F9 /* scratch.txt */ = {isa = PBXFileReference; fileEncoding = 4; lastKnownFileType = text; path = scratch.txt; sourceTree = "<group>"; };
		D8862E631159CFE3009A50F9 /* 30x-Music.png */ = {isa = PBXFileReference; lastKnownFileType = image.png; path = "30x-Music.png"; sourceTree = "<group>"; };
		D8862E731159D0C4009A50F9 /* 30x-Calendar-Week.png */ = {isa = PBXFileReference; lastKnownFileType = image.png; path = "30x-Calendar-Week.png"; sourceTree = "<group>"; };
		D8862E7E1159D960009A50F9 /* calendar2.png */ = {isa = PBXFileReference; lastKnownFileType = image.png; path = calendar2.png; sourceTree = "<group>"; };
		EB383B5710BBF6180000B2D2 /* Three20.xcodeproj */ = {isa = PBXFileReference; lastKnownFileType = "wrapper.pb-project"; name = Three20.xcodeproj; path = ../three20/src/Three20.xcodeproj; sourceTree = SOURCE_ROOT; };
		EB383B6410BBF62B0000B2D2 /* QuartzCore.framework */ = {isa = PBXFileReference; lastKnownFileType = wrapper.framework; name = QuartzCore.framework; path = System/Library/Frameworks/QuartzCore.framework; sourceTree = SDKROOT; };
		EB383B6C10BBF6360000B2D2 /* Three20.bundle */ = {isa = PBXFileReference; lastKnownFileType = "wrapper.plug-in"; name = Three20.bundle; path = ../three20/src/Three20.bundle; sourceTree = SOURCE_ROOT; };
/* End PBXFileReference section */

/* Begin PBXFrameworksBuildPhase section */
		1D60588F0D05DD3D006BFB54 /* Frameworks */ = {
			isa = PBXFrameworksBuildPhase;
			buildActionMask = 2147483647;
			files = (
				1D60589F0D05DD5A006BFB54 /* Foundation.framework in Frameworks */,
				1DF5F4E00D08C38300B7A737 /* UIKit.framework in Frameworks */,
				288765FD0DF74451002DB57D /* CoreGraphics.framework in Frameworks */,
				EB383B6110BBF6200000B2D2 /* libThree20.a in Frameworks */,
				EB383B6510BBF62B0000B2D2 /* QuartzCore.framework in Frameworks */,
			);
			runOnlyForDeploymentPostprocessing = 0;
		};
/* End PBXFrameworksBuildPhase section */

/* Begin PBXGroup section */
		080E96DDFE201D6D7F000001 /* Classes */ = {
			isa = PBXGroup;
			children = (
				D886270211460383009A50F9 /* LauncherViewController.h */,
				D886270311460383009A50F9 /* LauncherViewController.m */,
				1D3623240D0F684500981E51 /* AppDelegate.h */,
				1D3623250D0F684500981E51 /* AppDelegate.m */,
			);
			path = Classes;
			sourceTree = "<group>";
		};
		19C28FACFE9D520D11CA2CBB /* Products */ = {
			isa = PBXGroup;
			children = (
				1D6058910D05DD3D006BFB54 /* KPFT_App.app */,
			);
			name = Products;
			sourceTree = "<group>";
		};
		29B97314FDCFA39411CA2CEA /* CustomTemplate */ = {
			isa = PBXGroup;
			children = (
				D8003B77115B1722004CFAB6 /* About_Screen */,
				D886274611478A4E009A50F9 /* RSS_Feeds */,
				080E96DDFE201D6D7F000001 /* Classes */,
				29B97315FDCFA39411CA2CEA /* Other Sources */,
				29B97317FDCFA39411CA2CEA /* Resources */,
				29B97323FDCFA39411CA2CEA /* Frameworks */,
				19C28FACFE9D520D11CA2CBB /* Products */,
			);
			name = CustomTemplate;
			sourceTree = "<group>";
		};
		29B97315FDCFA39411CA2CEA /* Other Sources */ = {
			isa = PBXGroup;
			children = (
				32CA4F630368D1EE00C91783 /* KPFT_App_Prefix.pch */,
				29B97316FDCFA39411CA2CEA /* main.m */,
			);
			name = "Other Sources";
			sourceTree = "<group>";
		};
		29B97317FDCFA39411CA2CEA /* Resources */ = {
			isa = PBXGroup;
			children = (
				D8003B1E115B0F50004CFAB6 /* About_Screen.html */,
				D8862E7E1159D960009A50F9 /* calendar2.png */,
				D8862E731159D0C4009A50F9 /* 30x-Calendar-Week.png */,
				D8862E631159CFE3009A50F9 /* 30x-Music.png */,
				D886284A1149F4FD009A50F9 /* feeds.plist */,
				D8862738114606BF009A50F9 /* calendar.png */,
				D8862736114606B8009A50F9 /* rss.png */,
				D886267A1145F962009A50F9 /* KPFT_Logo.png */,
				EB383B6C10BBF6360000B2D2 /* Three20.bundle */,
				8D1107310486CEB800E47090 /* KPFT_App-Info.plist */,
			);
			name = Resources;
			sourceTree = "<group>";
		};
		29B97323FDCFA39411CA2CEA /* Frameworks */ = {
			isa = PBXGroup;
			children = (
				EB383B5710BBF6180000B2D2 /* Three20.xcodeproj */,
				1DF5F4DF0D08C38300B7A737 /* UIKit.framework */,
				1D30AB110D05D00D00671497 /* Foundation.framework */,
				288765FC0DF74451002DB57D /* CoreGraphics.framework */,
				EB383B6410BBF62B0000B2D2 /* QuartzCore.framework */,
			);
			name = Frameworks;
			sourceTree = "<group>";
		};
		D8003B77115B1722004CFAB6 /* About_Screen */ = {
			isa = PBXGroup;
			children = (
				D8003B78115B1722004CFAB6 /* AboutViewController.h */,
				D8003B79115B1722004CFAB6 /* AboutViewController.m */,
			);
			name = About_Screen;
			path = Classes/About_Screen;
			sourceTree = "<group>";
		};
		D886274611478A4E009A50F9 /* RSS_Feeds */ = {
			isa = PBXGroup;
			children = (
				D88628801149F7F1009A50F9 /* scratch.txt */,
				D886274711478A4E009A50F9 /* FastFeedCell.h */,
				D886274811478A4E009A50F9 /* FastFeedCell.m */,
				D886274911478A4E009A50F9 /* FastTableViewCell.h */,
				D886274A11478A4E009A50F9 /* FastTableViewCell.m */,
				D886274B11478A4E009A50F9 /* FeedsDetailViewController.h */,
				D886274C11478A4E009A50F9 /* FeedsDetailViewController.m */,
				D886274D11478A4E009A50F9 /* FeedsViewController.h */,
				D886274E11478A4E009A50F9 /* FeedsViewController.m */,
				D886274F11478A4E009A50F9 /* RssParser.h */,
				D886275011478A4E009A50F9 /* RssParser.m */,
			);
			name = RSS_Feeds;
			path = Classes/RSS_Feeds;
			sourceTree = "<group>";
		};
		EB383B5810BBF6180000B2D2 /* Products */ = {
			isa = PBXGroup;
			children = (
				EB383B5F10BBF6180000B2D2 /* libThree20.a */,
				D88626531145F85C009A50F9 /* UnitTests.octest */,
			);
			name = Products;
			sourceTree = "<group>";
		};
/* End PBXGroup section */

/* Begin PBXNativeTarget section */
		1D6058900D05DD3D006BFB54 /* KPFT_App */ = {
			isa = PBXNativeTarget;
			buildConfigurationList = 1D6058960D05DD3E006BFB54 /* Build configuration list for PBXNativeTarget "KPFT_App" */;
			buildPhases = (
				1D60588D0D05DD3D006BFB54 /* Resources */,
				1D60588E0D05DD3D006BFB54 /* Sources */,
				1D60588F0D05DD3D006BFB54 /* Frameworks */,
			);
			buildRules = (
			);
			dependencies = (
				EB383B6310BBF6280000B2D2 /* PBXTargetDependency */,
			);
			name = KPFT_App;
			productName = KPFT_App;
			productReference = 1D6058910D05DD3D006BFB54 /* KPFT_App.app */;
			productType = "com.apple.product-type.application";
		};
/* End PBXNativeTarget section */

/* Begin PBXProject section */
		29B97313FDCFA39411CA2CEA /* Project object */ = {
			isa = PBXProject;
			attributes = {
				ORGANIZATIONNAME = "Mojo Hand Development";
			};
			buildConfigurationList = C01FCF4E08A954540054247B /* Build configuration list for PBXProject "KPFT_App" */;
			compatibilityVersion = "Xcode 3.1";
			hasScannedForEncodings = 1;
			mainGroup = 29B97314FDCFA39411CA2CEA /* CustomTemplate */;
			projectDirPath = "";
			projectReferences = (
				{
					ProductGroup = EB383B5810BBF6180000B2D2 /* Products */;
					ProjectRef = EB383B5710BBF6180000B2D2 /* Three20.xcodeproj */;
				},
			);
			projectRoot = "";
			targets = (
				1D6058900D05DD3D006BFB54 /* KPFT_App */,
			);
		};
/* End PBXProject section */

/* Begin PBXReferenceProxy section */
		D88626531145F85C009A50F9 /* UnitTests.octest */ = {
			isa = PBXReferenceProxy;
			fileType = wrapper.cfbundle;
			path = UnitTests.octest;
			remoteRef = D88626521145F85C009A50F9 /* PBXContainerItemProxy */;
			sourceTree = BUILT_PRODUCTS_DIR;
		};
		EB383B5F10BBF6180000B2D2 /* libThree20.a */ = {
			isa = PBXReferenceProxy;
			fileType = archive.ar;
			path = libThree20.a;
			remoteRef = EB383B5E10BBF6180000B2D2 /* PBXContainerItemProxy */;
			sourceTree = BUILT_PRODUCTS_DIR;
		};
/* End PBXReferenceProxy section */

/* Begin PBXResourcesBuildPhase section */
		1D60588D0D05DD3D006BFB54 /* Resources */ = {
			isa = PBXResourcesBuildPhase;
			buildActionMask = 2147483647;
			files = (
				EB383B6D10BBF6360000B2D2 /* Three20.bundle in Resources */,
				D886267B1145F962009A50F9 /* KPFT_Logo.png in Resources */,
				D8862737114606B8009A50F9 /* rss.png in Resources */,
				D8862739114606BF009A50F9 /* calendar.png in Resources */,
				D886284B1149F4FD009A50F9 /* feeds.plist in Resources */,
				D8862E641159CFE3009A50F9 /* 30x-Music.png in Resources */,
				D8862E741159D0C4009A50F9 /* 30x-Calendar-Week.png in Resources */,
				D8862E7F1159D960009A50F9 /* calendar2.png in Resources */,
				D8003B1F115B0F50004CFAB6 /* About_Screen.html in Resources */,
			);
			runOnlyForDeploymentPostprocessing = 0;
		};
/* End PBXResourcesBuildPhase section */

/* Begin PBXSourcesBuildPhase section */
		1D60588E0D05DD3D006BFB54 /* Sources */ = {
			isa = PBXSourcesBuildPhase;
			buildActionMask = 2147483647;
			files = (
				1D60589B0D05DD56006BFB54 /* main.m in Sources */,
				1D3623260D0F684500981E51 /* AppDelegate.m in Sources */,
				D886270411460383009A50F9 /* LauncherViewController.m in Sources */,
				D886275111478A4E009A50F9 /* FastFeedCell.m in Sources */,
				D886275211478A4E009A50F9 /* FastTableViewCell.m in Sources */,
				D886275311478A4E009A50F9 /* FeedsDetailViewController.m in Sources */,
				D886275411478A4E009A50F9 /* FeedsViewController.m in Sources */,
				D886275511478A4E009A50F9 /* RssParser.m in Sources */,
				D8003B7A115B1722004CFAB6 /* AboutViewController.m in Sources */,
			);
			runOnlyForDeploymentPostprocessing = 0;
		};
/* End PBXSourcesBuildPhase section */

/* Begin PBXTargetDependency section */
		EB383B6310BBF6280000B2D2 /* PBXTargetDependency */ = {
			isa = PBXTargetDependency;
			name = Three20;
			targetProxy = EB383B6210BBF6280000B2D2 /* PBXContainerItemProxy */;
		};
/* End PBXTargetDependency section */

/* Begin XCBuildConfiguration section */
		1D6058940D05DD3E006BFB54 /* Debug */ = {
			isa = XCBuildConfiguration;
			buildSettings = {
				ALWAYS_SEARCH_USER_PATHS = NO;
				COPY_PHASE_STRIP = NO;
				GCC_DYNAMIC_NO_PIC = NO;
				GCC_OPTIMIZATION_LEVEL = 0;
				GCC_PRECOMPILE_PREFIX_HEADER = YES;
				GCC_PREFIX_HEADER = KPFT_App_Prefix.pch;
				GCC_PREPROCESSOR_DEFINITIONS = DEBUG;
				HEADER_SEARCH_PATHS = ../three20/src;
				INFOPLIST_FILE = "KPFT_App-Info.plist";
				OTHER_LDFLAGS = (
					"-all_load",
					"-ObjC",
				);
				PRODUCT_NAME = KPFT_App;
			};
			name = Debug;
		};
		1D6058950D05DD3E006BFB54 /* Release */ = {
			isa = XCBuildConfiguration;
			buildSettings = {
				ALWAYS_SEARCH_USER_PATHS = NO;
				COPY_PHASE_STRIP = YES;
				GCC_PRECOMPILE_PREFIX_HEADER = YES;
				GCC_PREFIX_HEADER = KPFT_App_Prefix.pch;
				HEADER_SEARCH_PATHS = ../three20/src;
				INFOPLIST_FILE = "KPFT_App-Info.plist";
				OTHER_LDFLAGS = (
					"-all_load",
					"-ObjC",
				);
				PRODUCT_NAME = KPFT_App;
			};
			name = Release;
		};
		C01FCF4F08A954540054247B /* Debug */ = {
			isa = XCBuildConfiguration;
			buildSettings = {
				ARCHS = "$(ARCHS_STANDARD_32_BIT)";
				"CODE_SIGN_IDENTITY[sdk=iphoneos*]" = "iPhone Developer";
				GCC_C_LANGUAGE_STANDARD = c99;
				GCC_WARN_ABOUT_RETURN_TYPE = YES;
				GCC_WARN_UNUSED_VARIABLE = YES;
				PREBINDING = NO;
				SDKROOT = iphonesimulator3.1.3;
			};
			name = Debug;
		};
		C01FCF5008A954540054247B /* Release */ = {
			isa = XCBuildConfiguration;
			buildSettings = {
				ARCHS = "$(ARCHS_STANDARD_32_BIT)";
				"CODE_SIGN_IDENTITY[sdk=iphoneos*]" = "iPhone Developer";
				GCC_C_LANGUAGE_STANDARD = c99;
				GCC_WARN_ABOUT_RETURN_TYPE = YES;
				GCC_WARN_UNUSED_VARIABLE = YES;
				PREBINDING = NO;
				SDKROOT = iphonesimulator3.1.3;
			};
			name = Release;
		};
/* End XCBuildConfiguration section */

/* Begin XCConfigurationList section */
		1D6058960D05DD3E006BFB54 /* Build configuration list for PBXNativeTarget "KPFT_App" */ = {
			isa = XCConfigurationList;
			buildConfigurations = (
				1D6058940D05DD3E006BFB54 /* Debug */,
				1D6058950D05DD3E006BFB54 /* Release */,
			);
			defaultConfigurationIsVisible = 0;
			defaultConfigurationName = Release;
		};
		C01FCF4E08A954540054247B /* Build configuration list for PBXProject "KPFT_App" */ = {
			isa = XCConfigurationList;
			buildConfigurations = (
				C01FCF4F08A954540054247B /* Debug */,
				C01FCF5008A954540054247B /* Release */,
			);
			defaultConfigurationIsVisible = 0;
			defaultConfigurationName = Release;
		};
/* End XCConfigurationList section */
	};
	rootObject = 29B97313FDCFA39411CA2CEA /* Project object */;
}
